
Microsoft Visual Studio Solution File, Format Version 12.00
# Visual Studio Version 17
VisualStudioVersion = 17.13.35919.96 d17.13
MinimumVisualStudioVersion = 10.0.40219.1
Project("{FAE04EC0-301F-11D3-BF4B-00C04F79EFBC}") = "Plants", "Plants\Plants.csproj", "{23D4DC1E-356B-4453-B54C-58FE56710606}"
EndProject
Global
	GlobalSection(SolutionConfigurationPlatforms) = preSolution
		Debug|Any CPU = Debug|Any CPU
		Release|Any CPU = Release|Any CPU
	EndGlobalSection
	GlobalSection(ProjectConfigurationPlatforms) = postSolution
		{23D4DC1E-356B-4453-B54C-58FE56710606}.Debug|Any CPU.ActiveCfg = Debug|Any CPU
		{23D4DC1E-356B-4453-B54C-58FE56710606}.Debug|Any CPU.Build.0 = Debug|Any CPU
		{23D4DC1E-356B-4453-B54C-58FE56710606}.Release|Any CPU.ActiveCfg = Release|Any CPU
		{23D4DC1E-356B-4453-B54C-58FE56710606}.Release|Any CPU.Build.0 = Release|Any CPU
	EndGlobalSection
	GlobalSection(SolutionProperties) = preSolution
		HideSolutionNode = FALSE
	EndGlobalSection
	GlobalSection(ExtensibilityGlobals) = postSolution
		SolutionGuid = {5AF4E33D-0BD0-4EB9-A7BD-530EF96045B9}
	EndGlobalSection
EndGlobal
